
Microsoft Visual Studio Solution File, Format Version 12.00
# Visual Studio Version 17
VisualStudioVersion = 17.9.34728.123
MinimumVisualStudioVersion = 10.0.40219.1
Project("{9A19103F-16F7-4668-BE54-9A1E7A4F7556}") = "CurrencyConversion.Tests", "CurrencyConversion.Tests\CurrencyConversion.Tests.csproj", "{755CA3C7-0301-4787-840E-BA68CB1E2C19}"
EndProject
Project("{FAE04EC0-301F-11D3-BF4B-00C04F79EFBC}") = "CurrencyConversion.Domain", "CurrencyConversion.Domain\CurrencyConversion.Domain.csproj", "{605D89E0-840C-44E1-B831-D8BE6E8744E6}"
EndProject
Global
	GlobalSection(SolutionConfigurationPlatforms) = preSolution
		Debug|Any CPU = Debug|Any CPU
		Release|Any CPU = Release|Any CPU
	EndGlobalSection
	GlobalSection(ProjectConfigurationPlatforms) = postSolution
		{755CA3C7-0301-4787-840E-BA68CB1E2C19}.Debug|Any CPU.ActiveCfg = Debug|Any CPU
		{755CA3C7-0301-4787-840E-BA68CB1E2C19}.Debug|Any CPU.Build.0 = Debug|Any CPU
		{755CA3C7-0301-4787-840E-BA68CB1E2C19}.Release|Any CPU.ActiveCfg = Release|Any CPU
		{755CA3C7-0301-4787-840E-BA68CB1E2C19}.Release|Any CPU.Build.0 = Release|Any CPU
		{605D89E0-840C-44E1-B831-D8BE6E8744E6}.Debug|Any CPU.ActiveCfg = Debug|Any CPU
		{605D89E0-840C-44E1-B831-D8BE6E8744E6}.Debug|Any CPU.Build.0 = Debug|Any CPU
		{605D89E0-840C-44E1-B831-D8BE6E8744E6}.Release|Any CPU.ActiveCfg = Release|Any CPU
		{605D89E0-840C-44E1-B831-D8BE6E8744E6}.Release|Any CPU.Build.0 = Release|Any CPU
	EndGlobalSection
	GlobalSection(SolutionProperties) = preSolution
		HideSolutionNode = FALSE
	EndGlobalSection
	GlobalSection(ExtensibilityGlobals) = postSolution
		SolutionGuid = {05FCADA6-464F-42FB-A037-A16D08A7B996}
	EndGlobalSection
EndGlobal
